
Microsoft Visual Studio Solution File, Format Version 12.00
# Visual Studio 2012
Project("{FAE04EC0-301F-11D3-BF4B-00C04F79EFBC}") = "SimpleConvetCKEditorHTMLToOpenXML", "SimpleConvetCKEditorHTMLToOpenXML\SimpleConvetCKEditorHTMLToOpenXML.csproj", "{E314A7AA-DB96-4D17-925B-1ED7740AAB64}"
EndProject
Global
	GlobalSection(SolutionConfigurationPlatforms) = preSolution
		Debug|Any CPU = Debug|Any CPU
		Release|Any CPU = Release|Any CPU
	EndGlobalSection
	GlobalSection(ProjectConfigurationPlatforms) = postSolution
		{E314A7AA-DB96-4D17-925B-1ED7740AAB64}.Debug|Any CPU.ActiveCfg = Debug|Any CPU
		{E314A7AA-DB96-4D17-925B-1ED7740AAB64}.Debug|Any CPU.Build.0 = Debug|Any CPU
		{E314A7AA-DB96-4D17-925B-1ED7740AAB64}.Release|Any CPU.ActiveCfg = Release|Any CPU
		{E314A7AA-DB96-4D17-925B-1ED7740AAB64}.Release|Any CPU.Build.0 = Release|Any CPU
	EndGlobalSection
	GlobalSection(SolutionProperties) = preSolution
		HideSolutionNode = FALSE
	EndGlobalSection
EndGlobal
